
Microsoft Visual Studio Solution File, Format Version 12.00
# Visual Studio Version 17
VisualStudioVersion = 17.9.34728.123
MinimumVisualStudioVersion = 10.0.40219.1
Project("{FAE04EC0-301F-11D3-BF4B-00C04F79EFBC}") = "WebApiPerson2", "WebApiPerson2\WebApiPerson2.csproj", "{BD2943BD-1187-41CC-91F3-C6250593F79B}"
EndProject
Global
	GlobalSection(SolutionConfigurationPlatforms) = preSolution
		Debug|Any CPU = Debug|Any CPU
		Release|Any CPU = Release|Any CPU
	EndGlobalSection
	GlobalSection(ProjectConfigurationPlatforms) = postSolution
		{BD2943BD-1187-41CC-91F3-C6250593F79B}.Debug|Any CPU.ActiveCfg = Debug|Any CPU
		{BD2943BD-1187-41CC-91F3-C6250593F79B}.Debug|Any CPU.Build.0 = Debug|Any CPU
		{BD2943BD-1187-41CC-91F3-C6250593F79B}.Release|Any CPU.ActiveCfg = Release|Any CPU
		{BD2943BD-1187-41CC-91F3-C6250593F79B}.Release|Any CPU.Build.0 = Release|Any CPU
	EndGlobalSection
	GlobalSection(SolutionProperties) = preSolution
		HideSolutionNode = FALSE
	EndGlobalSection
	GlobalSection(ExtensibilityGlobals) = postSolution
		SolutionGuid = {7AD39CB7-4DD0-48FE-86E3-A7C49D722195}
	EndGlobalSection
EndGlobal
